
Microsoft Visual Studio Solution File, Format Version 12.00
# Visual Studio Version 17
VisualStudioVersion = 17.12.35707.178 d17.12
MinimumVisualStudioVersion = 10.0.40219.1
Project("{54A90642-561A-4BB1-A94E-469ADEE60C69}") = "site3_moviesearch", "Site3_Moviesearch\site3_moviesearch.esproj", "{8B6C22FC-79DC-4166-BAF8-F9B5960CE08B}"
EndProject
Global
	GlobalSection(SolutionConfigurationPlatforms) = preSolution
		Debug|Any CPU = Debug|Any CPU
		Release|Any CPU = Release|Any CPU
	EndGlobalSection
	GlobalSection(ProjectConfigurationPlatforms) = postSolution
		{8B6C22FC-79DC-4166-BAF8-F9B5960CE08B}.Debug|Any CPU.ActiveCfg = Debug|Any CPU
		{8B6C22FC-79DC-4166-BAF8-F9B5960CE08B}.Debug|Any CPU.Build.0 = Debug|Any CPU
		{8B6C22FC-79DC-4166-BAF8-F9B5960CE08B}.Debug|Any CPU.Deploy.0 = Debug|Any CPU
		{8B6C22FC-79DC-4166-BAF8-F9B5960CE08B}.Release|Any CPU.ActiveCfg = Release|Any CPU
		{8B6C22FC-79DC-4166-BAF8-F9B5960CE08B}.Release|Any CPU.Build.0 = Release|Any CPU
		{8B6C22FC-79DC-4166-BAF8-F9B5960CE08B}.Release|Any CPU.Deploy.0 = Release|Any CPU
	EndGlobalSection
	GlobalSection(SolutionProperties) = preSolution
		HideSolutionNode = FALSE
	EndGlobalSection
EndGlobal
